
Microsoft Visual Studio Solution File, Format Version 12.00
# Visual Studio 15
VisualStudioVersion = 15.0.27130.2024
MinimumVisualStudioVersion = 10.0.40219.1
Project("{FAE04EC0-301F-11D3-BF4B-00C04F79EFBC}") = "YieldExample", "YieldExample\YieldExample.csproj", "{7736B64E-CED2-4A01-9CB3-D80EB189D877}"
EndProject
Global
	GlobalSection(SolutionConfigurationPlatforms) = preSolution
		Debug|Any CPU = Debug|Any CPU
		Release|Any CPU = Release|Any CPU
	EndGlobalSection
	GlobalSection(ProjectConfigurationPlatforms) = postSolution
		{7736B64E-CED2-4A01-9CB3-D80EB189D877}.Debug|Any CPU.ActiveCfg = Debug|Any CPU
		{7736B64E-CED2-4A01-9CB3-D80EB189D877}.Debug|Any CPU.Build.0 = Debug|Any CPU
		{7736B64E-CED2-4A01-9CB3-D80EB189D877}.Release|Any CPU.ActiveCfg = Release|Any CPU
		{7736B64E-CED2-4A01-9CB3-D80EB189D877}.Release|Any CPU.Build.0 = Release|Any CPU
	EndGlobalSection
	GlobalSection(SolutionProperties) = preSolution
		HideSolutionNode = FALSE
	EndGlobalSection
	GlobalSection(ExtensibilityGlobals) = postSolution
		SolutionGuid = {5BF122BC-E4F7-40F6-AFBC-4C5E8F42F521}
	EndGlobalSection
EndGlobal
